// !$*UTF8*$!
{
	archiveVersion = 1;
	classes = {
	};
	objectVersion = 56;
	objects = {

/* Begin PBXBuildFile section */
		06B77DDE29B7CAAA00EDE9F1 /* WebViewController.swift in Sources */ = {isa = PBXBuildFile; fileRef = 06B77DDD29B7CAAA00EDE9F1 /* WebViewController.swift */; };
		06B77DE029B7CDD200EDE9F1 /* TableViewCell.swift in Sources */ = {isa = PBXBuildFile; fileRef = 06B77DDF29B7CDD200EDE9F1 /* TableViewCell.swift */; };
		06BA8D3B29B76ADF00805EED /* AppDelegate.swift in Sources */ = {isa = PBXBuildFile; fileRef = 06BA8D3A29B76ADF00805EED /* AppDelegate.swift */; };
		06BA8D3D29B76ADF00805EED /* SceneDelegate.swift in Sources */ = {isa = PBXBuildFile; fileRef = 06BA8D3C29B76ADF00805EED /* SceneDelegate.swift */; };
		06BA8D3F29B76ADF00805EED /* ViewController.swift in Sources */ = {isa = PBXBuildFile; fileRef = 06BA8D3E29B76ADF00805EED /* ViewController.swift */; };
		06BA8D4529B76ADF00805EED /* WebBrowser.xcdatamodeld in Sources */ = {isa = PBXBuildFile; fileRef = 06BA8D4329B76ADF00805EED /* WebBrowser.xcdatamodeld */; };
		06BA8D4729B76AE000805EED /* Assets.xcassets in Resources */ = {isa = PBXBuildFile; fileRef = 06BA8D4629B76AE000805EED /* Assets.xcassets */; };
		06BA8D4A29B76AE000805EED /* LaunchScreen.storyboard in Resources */ = {isa = PBXBuildFile; fileRef = 06BA8D4829B76AE000805EED /* LaunchScreen.storyboard */; };
		F8401C5DCD144C78A23F85EE /* Pods_WebBrowser.framework in Frameworks */ = {isa = PBXBuildFile; fileRef = 4C60E786CB2CC06A169B51CE /* Pods_WebBrowser.framework */; };
/* End PBXBuildFile section */

/* Begin PBXFileReference section */
		06B77DDD29B7CAAA00EDE9F1 /* WebViewController.swift */ = {isa = PBXFileReference; lastKnownFileType = sourcecode.swift; path = WebViewController.swift; sourceTree = "<group>"; };
		06B77DDF29B7CDD200EDE9F1 /* TableViewCell.swift */ = {isa = PBXFileReference; lastKnownFileType = sourcecode.swift; path = TableViewCell.swift; sourceTree = "<group>"; };
		06BA8D3729B76ADF00805EED /* WebBrowser.app */ = {isa = PBXFileReference; explicitFileType = wrapper.application; includeInIndex = 0; path = WebBrowser.app; sourceTree = BUILT_PRODUCTS_DIR; };
		06BA8D3A29B76ADF00805EED /* AppDelegate.swift */ = {isa = PBXFileReference; lastKnownFileType = sourcecode.swift; path = AppDelegate.swift; sourceTree = "<group>"; };
		06BA8D3C29B76ADF00805EED /* SceneDelegate.swift */ = {isa = PBXFileReference; lastKnownFileType = sourcecode.swift; path = SceneDelegate.swift; sourceTree = "<group>"; };
		06BA8D3E29B76ADF00805EED /* ViewController.swift */ = {isa = PBXFileReference; lastKnownFileType = sourcecode.swift; path = ViewController.swift; sourceTree = "<group>"; };
		06BA8D4429B76ADF00805EED /* WebBrowser.xcdatamodel */ = {isa = PBXFileReference; lastKnownFileType = wrapper.xcdatamodel; path = WebBrowser.xcdatamodel; sourceTree = "<group>"; };
		06BA8D4629B76AE000805EED /* Assets.xcassets */ = {isa = PBXFileReference; lastKnownFileType = folder.assetcatalog; path = Assets.xcassets; sourceTree = "<group>"; };
		06BA8D4929B76AE000805EED /* Base */ = {isa = PBXFileReference; lastKnownFileType = file.storyboard; name = Base; path = Base.lproj/LaunchScreen.storyboard; sourceTree = "<group>"; };
		06BA8D4B29B76AE000805EED /* Info.plist */ = {isa = PBXFileReference; lastKnownFileType = text.plist.xml; path = Info.plist; sourceTree = "<group>"; };
		4C60E786CB2CC06A169B51CE /* Pods_WebBrowser.framework */ = {isa = PBXFileReference; explicitFileType = wrapper.framework; includeInIndex = 0; path = Pods_WebBrowser.framework; sourceTree = BUILT_PRODUCTS_DIR; };
		87A7E0E505BB1596E303365E /* Pods-WebBrowser.release.xcconfig */ = {isa = PBXFileReference; includeInIndex = 1; lastKnownFileType = text.xcconfig; name = "Pods-WebBrowser.release.xcconfig"; path = "Target Support Files/Pods-WebBrowser/Pods-WebBrowser.release.xcconfig"; sourceTree = "<group>"; };
		AD1EC22E81B8229441E09D50 /* Pods-WebBrowser.debug.xcconfig */ = {isa = PBXFileReference; includeInIndex = 1; lastKnownFileType = text.xcconfig; name = "Pods-WebBrowser.debug.xcconfig"; path = "Target Support Files/Pods-WebBrowser/Pods-WebBrowser.debug.xcconfig"; sourceTree = "<group>"; };
/* End PBXFileReference section */

/* Begin PBXFrameworksBuildPhase section */
		06BA8D3429B76ADF00805EED /* Frameworks */ = {
			isa = PBXFrameworksBuildPhase;
			buildActionMask = 2147483647;
			files = (
				F8401C5DCD144C78A23F85EE /* Pods_WebBrowser.framework in Frameworks */,
			);
			runOnlyForDeploymentPostprocessing = 0;
		};
/* End PBXFrameworksBuildPhase section */

/* Begin PBXGroup section */
		06A3259B29B883DD00132DBE /* Main */ = {
			isa = PBXGroup;
			children = (
				06BA8D3E29B76ADF00805EED /* ViewController.swift */,
				06B77DDF29B7CDD200EDE9F1 /* TableViewCell.swift */,
			);
			path = Main;
			sourceTree = "<group>";
		};
		06A3259C29B883E200132DBE /* WebView */ = {
			isa = PBXGroup;
			children = (
				06B77DDD29B7CAAA00EDE9F1 /* WebViewController.swift */,
			);
			path = WebView;
			sourceTree = "<group>";
		};
		06B77DDB29B76B8500EDE9F1 /* Application */ = {
			isa = PBXGroup;
			children = (
				06BA8D3A29B76ADF00805EED /* AppDelegate.swift */,
				06BA8D3C29B76ADF00805EED /* SceneDelegate.swift */,
			);
			path = Application;
			sourceTree = "<group>";
		};
		06B77DDC29B76B9A00EDE9F1 /* SupportingFiles */ = {
			isa = PBXGroup;
			children = (
				06BA8D4629B76AE000805EED /* Assets.xcassets */,
				06BA8D4829B76AE000805EED /* LaunchScreen.storyboard */,
				06BA8D4B29B76AE000805EED /* Info.plist */,
			);
			path = SupportingFiles;
			sourceTree = "<group>";
		};
		06BA8D2E29B76ADF00805EED = {
			isa = PBXGroup;
			children = (
				06BA8D3929B76ADF00805EED /* WebBrowser */,
				06BA8D3829B76ADF00805EED /* Products */,
				A0C2BBFFA1414C47AEA68364 /* Pods */,
				46E8AE951835EE4E3C97149C /* Frameworks */,
			);
			sourceTree = "<group>";
		};
		06BA8D3829B76ADF00805EED /* Products */ = {
			isa = PBXGroup;
			children = (
				06BA8D3729B76ADF00805EED /* WebBrowser.app */,
			);
			name = Products;
			sourceTree = "<group>";
		};
		06BA8D3929B76ADF00805EED /* WebBrowser */ = {
			isa = PBXGroup;
			children = (
				06B77DDB29B76B8500EDE9F1 /* Application */,
				06A3259B29B883DD00132DBE /* Main */,
				06A3259C29B883E200132DBE /* WebView */,
				06B77DDC29B76B9A00EDE9F1 /* SupportingFiles */,
				06BA8D4329B76ADF00805EED /* WebBrowser.xcdatamodeld */,
			);
			path = WebBrowser;
			sourceTree = "<group>";
		};
		46E8AE951835EE4E3C97149C /* Frameworks */ = {
			isa = PBXGroup;
			children = (
				4C60E786CB2CC06A169B51CE /* Pods_WebBrowser.framework */,
			);
			name = Frameworks;
			sourceTree = "<group>";
		};
		A0C2BBFFA1414C47AEA68364 /* Pods */ = {
			isa = PBXGroup;
			children = (
				AD1EC22E81B8229441E09D50 /* Pods-WebBrowser.debug.xcconfig */,
				87A7E0E505BB1596E303365E /* Pods-WebBrowser.release.xcconfig */,
			);
			path = Pods;
			sourceTree = "<group>";
		};
/* End PBXGroup section */

/* Begin PBXNativeTarget section */
		06BA8D3629B76ADF00805EED /* WebBrowser */ = {
			isa = PBXNativeTarget;
			buildConfigurationList = 06BA8D4E29B76AE000805EED /* Build configuration list for PBXNativeTarget "WebBrowser" */;
			buildPhases = (
				5EFBFD328ACD1E338F5F0144 /* [CP] Check Pods Manifest.lock */,
				06BA8D3329B76ADF00805EED /* Sources */,
				06BA8D3429B76ADF00805EED /* Frameworks */,
				06BA8D3529B76ADF00805EED /* Resources */,
				791B1EDEA81EE509DCAAB3B3 /* [CP] Embed Pods Frameworks */,
			);
			buildRules = (
			);
			dependencies = (
			);
			name = WebBrowser;
			productName = WebBrowser;
			productReference = 06BA8D3729B76ADF00805EED /* WebBrowser.app */;
			productType = "com.apple.product-type.application";
		};
/* End PBXNativeTarget section */

/* Begin PBXProject section */
		06BA8D2F29B76ADF00805EED /* Project object */ = {
			isa = PBXProject;
			attributes = {
				BuildIndependentTargetsInParallel = 1;
				LastSwiftUpdateCheck = 1420;
				LastUpgradeCheck = 1420;
				TargetAttributes = {
					06BA8D3629B76ADF00805EED = {
						CreatedOnToolsVersion = 14.2;
					};
				};
			};
			buildConfigurationList = 06BA8D3229B76ADF00805EED /* Build configuration list for PBXProject "WebBrowser" */;
			compatibilityVersion = "Xcode 14.0";
			developmentRegion = en;
			hasScannedForEncodings = 0;
			knownRegions = (
				en,
				Base,
			);
			mainGroup = 06BA8D2E29B76ADF00805EED;
			productRefGroup = 06BA8D3829B76ADF00805EED /* Products */;
			projectDirPath = "";
			projectRoot = "";
			targets = (
				06BA8D3629B76ADF00805EED /* WebBrowser */,
			);
		};
/* End PBXProject section */

/* Begin PBXResourcesBuildPhase section */
		06BA8D3529B76ADF00805EED /* Resources */ = {
			isa = PBXResourcesBuildPhase;
			buildActionMask = 2147483647;
			files = (
				06BA8D4A29B76AE000805EED /* LaunchScreen.storyboard in Resources */,
				06BA8D4729B76AE000805EED /* Assets.xcassets in Resources */,
			);
			runOnlyForDeploymentPostprocessing = 0;
		};
/* End PBXResourcesBuildPhase section */

/* Begin PBXShellScriptBuildPhase section */
		5EFBFD328ACD1E338F5F0144 /* [CP] Check Pods Manifest.lock */ = {
			isa = PBXShellScriptBuildPhase;
			buildActionMask = 2147483647;
			files = (
			);
			inputFileListPaths = (
			);
			inputPaths = (
				"${PODS_PODFILE_DIR_PATH}/Podfile.lock",
				"${PODS_ROOT}/Manifest.lock",
			);
			name = "[CP] Check Pods Manifest.lock";
			outputFileListPaths = (
			);
			outputPaths = (
				"$(DERIVED_FILE_DIR)/Pods-WebBrowser-checkManifestLockResult.txt",
			);
			runOnlyForDeploymentPostprocessing = 0;
			shellPath = /bin/sh;
			shellScript = "diff \"${PODS_PODFILE_DIR_PATH}/Podfile.lock\" \"${PODS_ROOT}/Manifest.lock\" > /dev/null\nif [ $? != 0 ] ; then\n    # print error to STDERR\n    echo \"error: The sandbox is not in sync with the Podfile.lock. Run 'pod install' or update your CocoaPods installation.\" >&2\n    exit 1\nfi\n# This output is used by Xcode 'outputs' to avoid re-running this script phase.\necho \"SUCCESS\" > \"${SCRIPT_OUTPUT_FILE_0}\"\n";
			showEnvVarsInLog = 0;
		};
		791B1EDEA81EE509DCAAB3B3 /* [CP] Embed Pods Frameworks */ = {
			isa = PBXShellScriptBuildPhase;
			buildActionMask = 2147483647;
			files = (
			);
			inputFileListPaths = (
				"${PODS_ROOT}/Target Support Files/Pods-WebBrowser/Pods-WebBrowser-frameworks-${CONFIGURATION}-input-files.xcfilelist",
			);
			name = "[CP] Embed Pods Frameworks";
			outputFileListPaths = (
				"${PODS_ROOT}/Target Support Files/Pods-WebBrowser/Pods-WebBrowser-frameworks-${CONFIGURATION}-output-files.xcfilelist",
			);
			runOnlyForDeploymentPostprocessing = 0;
			shellPath = /bin/sh;
			shellScript = "\"${PODS_ROOT}/Target Support Files/Pods-WebBrowser/Pods-WebBrowser-frameworks.sh\"\n";
			showEnvVarsInLog = 0;
		};
/* End PBXShellScriptBuildPhase section */

/* Begin PBXSourcesBuildPhase section */
		06BA8D3329B76ADF00805EED /* Sources */ = {
			isa = PBXSourcesBuildPhase;
			buildActionMask = 2147483647;
			files = (
				06BA8D3F29B76ADF00805EED /* ViewController.swift in Sources */,
				06BA8D4529B76ADF00805EED /* WebBrowser.xcdatamodeld in Sources */,
				06BA8D3B29B76ADF00805EED /* AppDelegate.swift in Sources */,
				06B77DE029B7CDD200EDE9F1 /* TableViewCell.swift in Sources */,
				06B77DDE29B7CAAA00EDE9F1 /* WebViewController.swift in Sources */,
				06BA8D3D29B76ADF00805EED /* SceneDelegate.swift in Sources */,
			);
			runOnlyForDeploymentPostprocessing = 0;
		};
/* End PBXSourcesBuildPhase section */

/* Begin PBXVariantGroup section */
		06BA8D4829B76AE000805EED /* LaunchScreen.storyboard */ = {
			isa = PBXVariantGroup;
			children = (
				06BA8D4929B76AE000805EED /* Base */,
			);
			name = LaunchScreen.storyboard;
			sourceTree = "<group>";
		};
/* End PBXVariantGroup section */

/* Begin XCBuildConfiguration section */
		06BA8D4C29B76AE000805EED /* Debug */ = {
			isa = XCBuildConfiguration;
			buildSettings = {
				ALWAYS_SEARCH_USER_PATHS = NO;
				CLANG_ANALYZER_NONNULL = YES;
				CLANG_ANALYZER_NUMBER_OBJECT_CONVERSION = YES_AGGRESSIVE;
				CLANG_CXX_LANGUAGE_STANDARD = "gnu++20";
				CLANG_ENABLE_MODULES = YES;
				CLANG_ENABLE_OBJC_ARC = YES;
				CLANG_ENABLE_OBJC_WEAK = YES;
				CLANG_WARN_BLOCK_CAPTURE_AUTORELEASING = YES;
				CLANG_WARN_BOOL_CONVERSION = YES;
				CLANG_WARN_COMMA = YES;
				CLANG_WARN_CONSTANT_CONVERSION = YES;
				CLANG_WARN_DEPRECATED_OBJC_IMPLEMENTATIONS = YES;
				CLANG_WARN_DIRECT_OBJC_ISA_USAGE = YES_ERROR;
				CLANG_WARN_DOCUMENTATION_COMMENTS = YES;
				CLANG_WARN_EMPTY_BODY = YES;
				CLANG_WARN_ENUM_CONVERSION = YES;
				CLANG_WARN_INFINITE_RECURSION = YES;
				CLANG_WARN_INT_CONVERSION = YES;
				CLANG_WARN_NON_LITERAL_NULL_CONVERSION = YES;
				CLANG_WARN_OBJC_IMPLICIT_RETAIN_SELF = YES;
				CLANG_WARN_OBJC_LITERAL_CONVERSION = YES;
				CLANG_WARN_OBJC_ROOT_CLASS = YES_ERROR;
				CLANG_WARN_QUOTED_INCLUDE_IN_FRAMEWORK_HEADER = YES;
				CLANG_WARN_RANGE_LOOP_ANALYSIS = YES;
				CLANG_WARN_STRICT_PROTOTYPES = YES;
				CLANG_WARN_SUSPICIOUS_MOVE = YES;
				CLANG_WARN_UNGUARDED_AVAILABILITY = YES_AGGRESSIVE;
				CLANG_WARN_UNREACHABLE_CODE = YES;
				CLANG_WARN__DUPLICATE_METHOD_MATCH = YES;
				COPY_PHASE_STRIP = NO;
				DEBUG_INFORMATION_FORMAT = dwarf;
				ENABLE_STRICT_OBJC_MSGSEND = YES;
				ENABLE_TESTABILITY = YES;
				GCC_C_LANGUAGE_STANDARD = gnu11;
				GCC_DYNAMIC_NO_PIC = NO;
				GCC_NO_COMMON_BLOCKS = YES;
				GCC_OPTIMIZATION_LEVEL = 0;
				GCC_PREPROCESSOR_DEFINITIONS = (
					"DEBUG=1",
					"$(inherited)",
				);
				GCC_WARN_64_TO_32_BIT_CONVERSION = YES;
				GCC_WARN_ABOUT_RETURN_TYPE = YES_ERROR;
				GCC_WARN_UNDECLARED_SELECTOR = YES;
				GCC_WARN_UNINITIALIZED_AUTOS = YES_AGGRESSIVE;
				GCC_WARN_UNUSED_FUNCTION = YES;
				GCC_WARN_UNUSED_VARIABLE = YES;
				IPHONEOS_DEPLOYMENT_TARGET = 16.2;
				MTL_ENABLE_DEBUG_INFO = INCLUDE_SOURCE;
				MTL_FAST_MATH = YES;
				ONLY_ACTIVE_ARCH = YES;
				SDKROOT = iphoneos;
				SWIFT_ACTIVE_COMPILATION_CONDITIONS = DEBUG;
				SWIFT_OPTIMIZATION_LEVEL = "-Onone";
			};
			name = Debug;
		};
		06BA8D4D29B76AE000805EED /* Release */ = {
			isa = XCBuildConfiguration;
			buildSettings = {
				ALWAYS_SEARCH_USER_PATHS = NO;
				CLANG_ANALYZER_NONNULL = YES;
				CLANG_ANALYZER_NUMBER_OBJECT_CONVERSION = YES_AGGRESSIVE;
				CLANG_CXX_LANGUAGE_STANDARD = "gnu++20";
				CLANG_ENABLE_MODULES = YES;
				CLANG_ENABLE_OBJC_ARC = YES;
				CLANG_ENABLE_OBJC_WEAK = YES;
				CLANG_WARN_BLOCK_CAPTURE_AUTORELEASING = YES;
				CLANG_WARN_BOOL_CONVERSION = YES;
				CLANG_WARN_COMMA = YES;
				CLANG_WARN_CONSTANT_CONVERSION = YES;
				CLANG_WARN_DEPRECATED_OBJC_IMPLEMENTATIONS = YES;
				CLANG_WARN_DIRECT_OBJC_ISA_USAGE = YES_ERROR;
				CLANG_WARN_DOCUMENTATION_COMMENTS = YES;
				CLANG_WARN_EMPTY_BODY = YES;
				CLANG_WARN_ENUM_CONVERSION = YES;
				CLANG_WARN_INFINITE_RECURSION = YES;
				CLANG_WARN_INT_CONVERSION = YES;
				CLANG_WARN_NON_LITERAL_NULL_CONVERSION = YES;
				CLANG_WARN_OBJC_IMPLICIT_RETAIN_SELF = YES;
				CLANG_WARN_OBJC_LITERAL_CONVERSION = YES;
				CLANG_WARN_OBJC_ROOT_CLASS = YES_ERROR;
				CLANG_WARN_QUOTED_INCLUDE_IN_FRAMEWORK_HEADER = YES;
				CLANG_WARN_RANGE_LOOP_ANALYSIS = YES;
				CLANG_WARN_STRICT_PROTOTYPES = YES;
				CLANG_WARN_SUSPICIOUS_MOVE = YES;
				CLANG_WARN_UNGUARDED_AVAILABILITY = YES_AGGRESSIVE;
				CLANG_WARN_UNREACHABLE_CODE = YES;
				CLANG_WARN__DUPLICATE_METHOD_MATCH = YES;
				COPY_PHASE_STRIP = NO;
				DEBUG_INFORMATION_FORMAT = "dwarf-with-dsym";
				ENABLE_NS_ASSERTIONS = NO;
				ENABLE_STRICT_OBJC_MSGSEND = YES;
				GCC_C_LANGUAGE_STANDARD = gnu11;
				GCC_NO_COMMON_BLOCKS = YES;
				GCC_WARN_64_TO_32_BIT_CONVERSION = YES;
				GCC_WARN_ABOUT_RETURN_TYPE = YES_ERROR;
				GCC_WARN_UNDECLARED_SELECTOR = YES;
				GCC_WARN_UNINITIALIZED_AUTOS = YES_AGGRESSIVE;
				GCC_WARN_UNUSED_FUNCTION = YES;
				GCC_WARN_UNUSED_VARIABLE = YES;
				IPHONEOS_DEPLOYMENT_TARGET = 16.2;
				MTL_ENABLE_DEBUG_INFO = NO;
				MTL_FAST_MATH = YES;
				SDKROOT = iphoneos;
				SWIFT_COMPILATION_MODE = wholemodule;
				SWIFT_OPTIMIZATION_LEVEL = "-O";
				VALIDATE_PRODUCT = YES;
			};
			name = Release;
		};
		06BA8D4F29B76AE000805EED /* Debug */ = {
			isa = XCBuildConfiguration;
			baseConfigurationReference = AD1EC22E81B8229441E09D50 /* Pods-WebBrowser.debug.xcconfig */;
			buildSettings = {
				ASSETCATALOG_COMPILER_APPICON_NAME = AppIcon;
				ASSETCATALOG_COMPILER_GLOBAL_ACCENT_COLOR_NAME = AccentColor;
				CODE_SIGN_STYLE = Automatic;
				CURRENT_PROJECT_VERSION = 1;
				DEVELOPMENT_TEAM = PD2C9D7H2A;
				GENERATE_INFOPLIST_FILE = YES;
				INFOPLIST_FILE = WebBrowser/SupportingFiles/Info.plist;
				INFOPLIST_KEY_UIApplicationSupportsIndirectInputEvents = YES;
				INFOPLIST_KEY_UILaunchStoryboardName = LaunchScreen;
				INFOPLIST_KEY_UISupportedInterfaceOrientations_iPad = "UIInterfaceOrientationPortrait UIInterfaceOrientationPortraitUpsideDown UIInterfaceOrientationLandscapeLeft UIInterfaceOrientationLandscapeRight";
				INFOPLIST_KEY_UISupportedInterfaceOrientations_iPhone = "UIInterfaceOrientationPortrait UIInterfaceOrientationLandscapeLeft UIInterfaceOrientationLandscapeRight";
				LD_RUNPATH_SEARCH_PATHS = (
					"$(inherited)",
					"@executable_path/Frameworks",
				);
				MARKETING_VERSION = 1.0;
				PRODUCT_BUNDLE_IDENTIFIER = jusansingularity.kz.WebBrowser;
				PRODUCT_NAME = "$(TARGET_NAME)";
				SWIFT_EMIT_LOC_STRINGS = YES;
				SWIFT_VERSION = 5.0;
				TARGETED_DEVICE_FAMILY = "1,2";
			};
			name = Debug;
		};
		06BA8D5029B76AE000805EED /* Release */ = {
			isa = XCBuildConfiguration;
			baseConfigurationReference = 87A7E0E505BB1596E303365E /* Pods-WebBrowser.release.xcconfig */;
			buildSettings = {
				ASSETCATALOG_COMPILER_APPICON_NAME = AppIcon;
				ASSETCATALOG_COMPILER_GLOBAL_ACCENT_COLOR_NAME = AccentColor;
				CODE_SIGN_STYLE = Automatic;
				CURRENT_PROJECT_VERSION = 1;
				DEVELOPMENT_TEAM = PD2C9D7H2A;
				GENERATE_INFOPLIST_FILE = YES;
				INFOPLIST_FILE = WebBrowser/SupportingFiles/Info.plist;
				INFOPLIST_KEY_UIApplicationSupportsIndirectInputEvents = YES;
				INFOPLIST_KEY_UILaunchStoryboardName = LaunchScreen;
				INFOPLIST_KEY_UISupportedInterfaceOrientations_iPad = "UIInterfaceOrientationPortrait UIInterfaceOrientationPortraitUpsideDown UIInterfaceOrientationLandscapeLeft UIInterfaceOrientationLandscapeRight";
				INFOPLIST_KEY_UISupportedInterfaceOrientations_iPhone = "UIInterfaceOrientationPortrait UIInterfaceOrientationLandscapeLeft UIInterfaceOrientationLandscapeRight";
				LD_RUNPATH_SEARCH_PATHS = (
					"$(inherited)",
					"@executable_path/Frameworks",
				);
				MARKETING_VERSION = 1.0;
				PRODUCT_BUNDLE_IDENTIFIER = jusansingularity.kz.WebBrowser;
				PRODUCT_NAME = "$(TARGET_NAME)";
				SWIFT_EMIT_LOC_STRINGS = YES;
				SWIFT_VERSION = 5.0;
				TARGETED_DEVICE_FAMILY = "1,2";
			};
			name = Release;
		};
/* End XCBuildConfiguration section */

/* Begin XCConfigurationList section */
		06BA8D3229B76ADF00805EED /* Build configuration list for PBXProject "WebBrowser" */ = {
			isa = XCConfigurationList;
			buildConfigurations = (
				06BA8D4C29B76AE000805EED /* Debug */,
				06BA8D4D29B76AE000805EED /* Release */,
			);
			defaultConfigurationIsVisible = 0;
			defaultConfigurationName = Release;
		};
		06BA8D4E29B76AE000805EED /* Build configuration list for PBXNativeTarget "WebBrowser" */ = {
			isa = XCConfigurationList;
			buildConfigurations = (
				06BA8D4F29B76AE000805EED /* Debug */,
				06BA8D5029B76AE000805EED /* Release */,
			);
			defaultConfigurationIsVisible = 0;
			defaultConfigurationName = Release;
		};
/* End XCConfigurationList section */

/* Begin XCVersionGroup section */
		06BA8D4329B76ADF00805EED /* WebBrowser.xcdatamodeld */ = {
			isa = XCVersionGroup;
			children = (
				06BA8D4429B76ADF00805EED /* WebBrowser.xcdatamodel */,
			);
			currentVersion = 06BA8D4429B76ADF00805EED /* WebBrowser.xcdatamodel */;
			path = WebBrowser.xcdatamodeld;
			sourceTree = "<group>";
			versionGroupType = wrapper.xcdatamodel;
		};
/* End XCVersionGroup section */
	};
	rootObject = 06BA8D2F29B76ADF00805EED /* Project object */;
}
